
Microsoft Visual Studio Solution File, Format Version 12.00
# Visual Studio Version 16
VisualStudioVersion = 16.0.809.10
MinimumVisualStudioVersion = 10.0.40219.1
Project("{FAE04EC0-301F-11D3-BF4B-00C04F79EFBC}") = "Maui.Android", "Maui.Android\Maui.Android.csproj", "{AE55A2B7-5D71-4FBC-9018-526B7A90D40A}"
EndProject
Project("{FAE04EC0-301F-11D3-BF4B-00C04F79EFBC}") = "Maui.iOS", "Maui.iOS\Maui.iOS.csproj", "{4B7DBFE0-A614-46B9-B2D9-B69296945052}"
EndProject
Project("{9A19103F-16F7-4668-BE54-9A1E7A4F7556}") = "Maui", "Maui\Maui.csproj", "{877613E9-4C8F-4F64-A9A2-941F9D989A22}"
EndProject
Project("{FAE04EC0-301F-11D3-BF4B-00C04F79EFBC}") = "Maui.macOS", "Maui.macOS\Maui.macOS.csproj", "{A3DF4125-D9AB-4EF2-AE83-61AA44DFB9F2}"
EndProject
Project("{FAE04EC0-301F-11D3-BF4B-00C04F79EFBC}") = "Maui.UWP", "Maui.UWP\Maui.UWP.csproj", "{5CA0990D-21D2-4049-95A1-5D0342081856}"
EndProject
Global
	GlobalSection(SolutionConfigurationPlatforms) = preSolution
		Debug (UWP)|Any CPU = Debug (UWP)|Any CPU
		Debug (UWP)|ARM = Debug (UWP)|ARM
		Debug (UWP)|ARM64 = Debug (UWP)|ARM64
		Debug (UWP)|iPhone = Debug (UWP)|iPhone
		Debug (UWP)|iPhoneSimulator = Debug (UWP)|iPhoneSimulator
		Debug (UWP)|x64 = Debug (UWP)|x64
		Debug (UWP)|x86 = Debug (UWP)|x86
		Debug|Any CPU = Debug|Any CPU
		Debug|ARM = Debug|ARM
		Debug|ARM64 = Debug|ARM64
		Debug|iPhone = Debug|iPhone
		Debug|iPhoneSimulator = Debug|iPhoneSimulator
		Debug|x64 = Debug|x64
		Debug|x86 = Debug|x86
		Release (UWP)|Any CPU = Release (UWP)|Any CPU
		Release (UWP)|ARM = Release (UWP)|ARM
		Release (UWP)|ARM64 = Release (UWP)|ARM64
		Release (UWP)|iPhone = Release (UWP)|iPhone
		Release (UWP)|iPhoneSimulator = Release (UWP)|iPhoneSimulator
		Release (UWP)|x64 = Release (UWP)|x64
		Release (UWP)|x86 = Release (UWP)|x86
		Release|Any CPU = Release|Any CPU
		Release|ARM = Release|ARM
		Release|ARM64 = Release|ARM64
		Release|iPhone = Release|iPhone
		Release|iPhoneSimulator = Release|iPhoneSimulator
		Release|x64 = Release|x64
		Release|x86 = Release|x86
	EndGlobalSection
	GlobalSection(ProjectConfigurationPlatforms) = postSolution
		{AE55A2B7-5D71-4FBC-9018-526B7A90D40A}.Debug (UWP)|Any CPU.ActiveCfg = Debug (UWP)|Any CPU
		{AE55A2B7-5D71-4FBC-9018-526B7A90D40A}.Debug (UWP)|ARM.ActiveCfg = Debug (UWP)|Any CPU
		{AE55A2B7-5D71-4FBC-9018-526B7A90D40A}.Debug (UWP)|ARM64.ActiveCfg = Debug (UWP)|Any CPU
		{AE55A2B7-5D71-4FBC-9018-526B7A90D40A}.Debug (UWP)|iPhone.ActiveCfg = Debug (UWP)|Any CPU
		{AE55A2B7-5D71-4FBC-9018-526B7A90D40A}.Debug (UWP)|iPhoneSimulator.ActiveCfg = Debug (UWP)|Any CPU
		{AE55A2B7-5D71-4FBC-9018-526B7A90D40A}.Debug (UWP)|x64.ActiveCfg = Debug (UWP)|Any CPU
		{AE55A2B7-5D71-4FBC-9018-526B7A90D40A}.Debug (UWP)|x86.ActiveCfg = Debug (UWP)|Any CPU
		{AE55A2B7-5D71-4FBC-9018-526B7A90D40A}.Debug|Any CPU.ActiveCfg = Debug|Any CPU
		{AE55A2B7-5D71-4FBC-9018-526B7A90D40A}.Debug|Any CPU.Build.0 = Debug|Any CPU
		{AE55A2B7-5D71-4FBC-9018-526B7A90D40A}.Debug|ARM.ActiveCfg = Debug|Any CPU
		{AE55A2B7-5D71-4FBC-9018-526B7A90D40A}.Debug|ARM.Build.0 = Debug|Any CPU
		{AE55A2B7-5D71-4FBC-9018-526B7A90D40A}.Debug|ARM.Deploy.0 = Debug|Any CPU
		{AE55A2B7-5D71-4FBC-9018-526B7A90D40A}.Debug|ARM64.ActiveCfg = Debug|Any CPU
		{AE55A2B7-5D71-4FBC-9018-526B7A90D40A}.Debug|ARM64.Build.0 = Debug|Any CPU
		{AE55A2B7-5D71-4FBC-9018-526B7A90D40A}.Debug|ARM64.Deploy.0 = Debug|Any CPU
		{AE55A2B7-5D71-4FBC-9018-526B7A90D40A}.Debug|iPhone.ActiveCfg = Debug|Any CPU
		{AE55A2B7-5D71-4FBC-9018-526B7A90D40A}.Debug|iPhone.Build.0 = Debug|Any CPU
		{AE55A2B7-5D71-4FBC-9018-526B7A90D40A}.Debug|iPhoneSimulator.ActiveCfg = Debug|Any CPU
		{AE55A2B7-5D71-4FBC-9018-526B7A90D40A}.Debug|iPhoneSimulator.Build.0 = Debug|Any CPU
		{AE55A2B7-5D71-4FBC-9018-526B7A90D40A}.Debug|x64.ActiveCfg = Debug|Any CPU
		{AE55A2B7-5D71-4FBC-9018-526B7A90D40A}.Debug|x64.Build.0 = Debug|Any CPU
		{AE55A2B7-5D71-4FBC-9018-526B7A90D40A}.Debug|x64.Deploy.0 = Debug|Any CPU
		{AE55A2B7-5D71-4FBC-9018-526B7A90D40A}.Debug|x86.ActiveCfg = Debug|Any CPU
		{AE55A2B7-5D71-4FBC-9018-526B7A90D40A}.Debug|x86.Build.0 = Debug|Any CPU
		{AE55A2B7-5D71-4FBC-9018-526B7A90D40A}.Debug|x86.Deploy.0 = Debug|Any CPU
		{AE55A2B7-5D71-4FBC-9018-526B7A90D40A}.Release (UWP)|Any CPU.ActiveCfg = Release (UWP)|Any CPU
		{AE55A2B7-5D71-4FBC-9018-526B7A90D40A}.Release (UWP)|ARM.ActiveCfg = Release (UWP)|Any CPU
		{AE55A2B7-5D71-4FBC-9018-526B7A90D40A}.Release (UWP)|ARM64.ActiveCfg = Release (UWP)|Any CPU
		{AE55A2B7-5D71-4FBC-9018-526B7A90D40A}.Release (UWP)|iPhone.ActiveCfg = Release (UWP)|Any CPU
		{AE55A2B7-5D71-4FBC-9018-526B7A90D40A}.Release (UWP)|iPhoneSimulator.ActiveCfg = Release (UWP)|Any CPU
		{AE55A2B7-5D71-4FBC-9018-526B7A90D40A}.Release (UWP)|x64.ActiveCfg = Release (UWP)|Any CPU
		{AE55A2B7-5D71-4FBC-9018-526B7A90D40A}.Release (UWP)|x86.ActiveCfg = Release (UWP)|Any CPU
		{AE55A2B7-5D71-4FBC-9018-526B7A90D40A}.Release|Any CPU.ActiveCfg = Release|Any CPU
		{AE55A2B7-5D71-4FBC-9018-526B7A90D40A}.Release|Any CPU.Build.0 = Release|Any CPU
		{AE55A2B7-5D71-4FBC-9018-526B7A90D40A}.Release|ARM.ActiveCfg = Release|Any CPU
		{AE55A2B7-5D71-4FBC-9018-526B7A90D40A}.Release|ARM.Build.0 = Release|Any CPU
		{AE55A2B7-5D71-4FBC-9018-526B7A90D40A}.Release|ARM.Deploy.0 = Release|Any CPU
		{AE55A2B7-5D71-4FBC-9018-526B7A90D40A}.Release|ARM64.ActiveCfg = Release|Any CPU
		{AE55A2B7-5D71-4FBC-9018-526B7A90D40A}.Release|ARM64.Build.0 = Release|Any CPU
		{AE55A2B7-5D71-4FBC-9018-526B7A90D40A}.Release|ARM64.Deploy.0 = Release|Any CPU
		{AE55A2B7-5D71-4FBC-9018-526B7A90D40A}.Release|iPhone.ActiveCfg = Release|Any CPU
		{AE55A2B7-5D71-4FBC-9018-526B7A90D40A}.Release|iPhone.Build.0 = Release|Any CPU
		{AE55A2B7-5D71-4FBC-9018-526B7A90D40A}.Release|iPhoneSimulator.ActiveCfg = Release|Any CPU
		{AE55A2B7-5D71-4FBC-9018-526B7A90D40A}.Release|iPhoneSimulator.Build.0 = Release|Any CPU
		{AE55A2B7-5D71-4FBC-9018-526B7A90D40A}.Release|x64.ActiveCfg = Release|Any CPU
		{AE55A2B7-5D71-4FBC-9018-526B7A90D40A}.Release|x64.Build.0 = Release|Any CPU
		{AE55A2B7-5D71-4FBC-9018-526B7A90D40A}.Release|x64.Deploy.0 = Release|Any CPU
		{AE55A2B7-5D71-4FBC-9018-526B7A90D40A}.Release|x86.ActiveCfg = Release|Any CPU
		{AE55A2B7-5D71-4FBC-9018-526B7A90D40A}.Release|x86.Build.0 = Release|Any CPU
		{AE55A2B7-5D71-4FBC-9018-526B7A90D40A}.Release|x86.Deploy.0 = Release|Any CPU
		{4B7DBFE0-A614-46B9-B2D9-B69296945052}.Debug (UWP)|Any CPU.ActiveCfg = Debug (UWP)|iPhoneSimulator
		{4B7DBFE0-A614-46B9-B2D9-B69296945052}.Debug (UWP)|ARM.ActiveCfg = Debug (UWP)|iPhoneSimulator
		{4B7DBFE0-A614-46B9-B2D9-B69296945052}.Debug (UWP)|ARM64.ActiveCfg = Debug (UWP)|iPhoneSimulator
		{4B7DBFE0-A614-46B9-B2D9-B69296945052}.Debug (UWP)|iPhone.ActiveCfg = Debug (UWP)|iPhone
		{4B7DBFE0-A614-46B9-B2D9-B69296945052}.Debug (UWP)|iPhoneSimulator.ActiveCfg = Debug (UWP)|iPhoneSimulator
		{4B7DBFE0-A614-46B9-B2D9-B69296945052}.Debug (UWP)|x64.ActiveCfg = Debug (UWP)|iPhoneSimulator
		{4B7DBFE0-A614-46B9-B2D9-B69296945052}.Debug (UWP)|x86.ActiveCfg = Debug (UWP)|iPhoneSimulator
		{4B7DBFE0-A614-46B9-B2D9-B69296945052}.Debug|Any CPU.ActiveCfg = Debug|iPhoneSimulator
		{4B7DBFE0-A614-46B9-B2D9-B69296945052}.Debug|Any CPU.Build.0 = Debug|iPhoneSimulator
		{4B7DBFE0-A614-46B9-B2D9-B69296945052}.Debug|ARM.ActiveCfg = Debug|iPhone
		{4B7DBFE0-A614-46B9-B2D9-B69296945052}.Debug|ARM64.ActiveCfg = Debug|iPhone
		{4B7DBFE0-A614-46B9-B2D9-B69296945052}.Debug|iPhone.ActiveCfg = Debug|iPhone
		{4B7DBFE0-A614-46B9-B2D9-B69296945052}.Debug|iPhone.Build.0 = Debug|iPhone
		{4B7DBFE0-A614-46B9-B2D9-B69296945052}.Debug|iPhoneSimulator.ActiveCfg = Debug|iPhoneSimulator
		{4B7DBFE0-A614-46B9-B2D9-B69296945052}.Debug|iPhoneSimulator.Build.0 = Debug|iPhoneSimulator
		{4B7DBFE0-A614-46B9-B2D9-B69296945052}.Debug|x64.ActiveCfg = Debug|iPhone
		{4B7DBFE0-A614-46B9-B2D9-B69296945052}.Debug|x86.ActiveCfg = Debug|iPhone
		{4B7DBFE0-A614-46B9-B2D9-B69296945052}.Release (UWP)|Any CPU.ActiveCfg = Release (UWP)|iPhoneSimulator
		{4B7DBFE0-A614-46B9-B2D9-B69296945052}.Release (UWP)|ARM.ActiveCfg = Release (UWP)|iPhoneSimulator
		{4B7DBFE0-A614-46B9-B2D9-B69296945052}.Release (UWP)|ARM64.ActiveCfg = Release (UWP)|iPhoneSimulator
		{4B7DBFE0-A614-46B9-B2D9-B69296945052}.Release (UWP)|iPhone.ActiveCfg = Release (UWP)|iPhone
		{4B7DBFE0-A614-46B9-B2D9-B69296945052}.Release (UWP)|iPhoneSimulator.ActiveCfg = Release (UWP)|iPhoneSimulator
		{4B7DBFE0-A614-46B9-B2D9-B69296945052}.Release (UWP)|x64.ActiveCfg = Release (UWP)|iPhoneSimulator
		{4B7DBFE0-A614-46B9-B2D9-B69296945052}.Release (UWP)|x86.ActiveCfg = Release (UWP)|iPhoneSimulator
		{4B7DBFE0-A614-46B9-B2D9-B69296945052}.Release|Any CPU.ActiveCfg = Release|iPhoneSimulator
		{4B7DBFE0-A614-46B9-B2D9-B69296945052}.Release|Any CPU.Build.0 = Release|iPhoneSimulator
		{4B7DBFE0-A614-46B9-B2D9-B69296945052}.Release|ARM.ActiveCfg = Release|iPhone
		{4B7DBFE0-A614-46B9-B2D9-B69296945052}.Release|ARM64.ActiveCfg = Release|iPhone
		{4B7DBFE0-A614-46B9-B2D9-B69296945052}.Release|iPhone.ActiveCfg = Release|iPhone
		{4B7DBFE0-A614-46B9-B2D9-B69296945052}.Release|iPhone.Build.0 = Release|iPhone
		{4B7DBFE0-A614-46B9-B2D9-B69296945052}.Release|iPhoneSimulator.ActiveCfg = Release|iPhoneSimulator
		{4B7DBFE0-A614-46B9-B2D9-B69296945052}.Release|iPhoneSimulator.Build.0 = Release|iPhoneSimulator
		{4B7DBFE0-A614-46B9-B2D9-B69296945052}.Release|x64.ActiveCfg = Release|iPhone
		{4B7DBFE0-A614-46B9-B2D9-B69296945052}.Release|x86.ActiveCfg = Release|iPhone
		{877613E9-4C8F-4F64-A9A2-941F9D989A22}.Debug (UWP)|Any CPU.ActiveCfg = Debug (UWP)|Any CPU
		{877613E9-4C8F-4F64-A9A2-941F9D989A22}.Debug (UWP)|ARM.ActiveCfg = Debug (UWP)|Any CPU
		{877613E9-4C8F-4F64-A9A2-941F9D989A22}.Debug (UWP)|ARM.Build.0 = Debug (UWP)|Any CPU
		{877613E9-4C8F-4F64-A9A2-941F9D989A22}.Debug (UWP)|ARM64.ActiveCfg = Debug (UWP)|Any CPU
		{877613E9-4C8F-4F64-A9A2-941F9D989A22}.Debug (UWP)|ARM64.Build.0 = Debug (UWP)|Any CPU
		{877613E9-4C8F-4F64-A9A2-941F9D989A22}.Debug (UWP)|iPhone.ActiveCfg = Debug (UWP)|Any CPU
		{877613E9-4C8F-4F64-A9A2-941F9D989A22}.Debug (UWP)|iPhoneSimulator.ActiveCfg = Debug (UWP)|Any CPU
		{877613E9-4C8F-4F64-A9A2-941F9D989A22}.Debug (UWP)|x64.ActiveCfg = Debug (UWP)|Any CPU
		{877613E9-4C8F-4F64-A9A2-941F9D989A22}.Debug (UWP)|x64.Build.0 = Debug (UWP)|Any CPU
		{877613E9-4C8F-4F64-A9A2-941F9D989A22}.Debug (UWP)|x86.ActiveCfg = Debug (UWP)|Any CPU
		{877613E9-4C8F-4F64-A9A2-941F9D989A22}.Debug (UWP)|x86.Build.0 = Debug (UWP)|Any CPU
		{877613E9-4C8F-4F64-A9A2-941F9D989A22}.Debug|Any CPU.ActiveCfg = Debug|Any CPU
		{877613E9-4C8F-4F64-A9A2-941F9D989A22}.Debug|Any CPU.Build.0 = Debug|Any CPU
		{877613E9-4C8F-4F64-A9A2-941F9D989A22}.Debug|ARM.ActiveCfg = Debug|Any CPU
		{877613E9-4C8F-4F64-A9A2-941F9D989A22}.Debug|ARM.Build.0 = Debug|Any CPU
		{877613E9-4C8F-4F64-A9A2-941F9D989A22}.Debug|ARM64.ActiveCfg = Debug|Any CPU
		{877613E9-4C8F-4F64-A9A2-941F9D989A22}.Debug|ARM64.Build.0 = Debug|Any CPU
		{877613E9-4C8F-4F64-A9A2-941F9D989A22}.Debug|iPhone.ActiveCfg = Debug|Any CPU
		{877613E9-4C8F-4F64-A9A2-941F9D989A22}.Debug|iPhone.Build.0 = Debug|Any CPU
		{877613E9-4C8F-4F64-A9A2-941F9D989A22}.Debug|iPhoneSimulator.ActiveCfg = Debug|Any CPU
		{877613E9-4C8F-4F64-A9A2-941F9D989A22}.Debug|iPhoneSimulator.Build.0 = Debug|Any CPU
		{877613E9-4C8F-4F64-A9A2-941F9D989A22}.Debug|x64.ActiveCfg = Debug|Any CPU
		{877613E9-4C8F-4F64-A9A2-941F9D989A22}.Debug|x64.Build.0 = Debug|Any CPU
		{877613E9-4C8F-4F64-A9A2-941F9D989A22}.Debug|x86.ActiveCfg = Debug|Any CPU
		{877613E9-4C8F-4F64-A9A2-941F9D989A22}.Debug|x86.Build.0 = Debug|Any CPU
		{877613E9-4C8F-4F64-A9A2-941F9D989A22}.Release (UWP)|Any CPU.ActiveCfg = Release (UWP)|Any CPU
		{877613E9-4C8F-4F64-A9A2-941F9D989A22}.Release (UWP)|ARM.ActiveCfg = Release (UWP)|Any CPU
		{877613E9-4C8F-4F64-A9A2-941F9D989A22}.Release (UWP)|ARM.Build.0 = Release (UWP)|Any CPU
		{877613E9-4C8F-4F64-A9A2-941F9D989A22}.Release (UWP)|ARM64.ActiveCfg = Release (UWP)|Any CPU
		{877613E9-4C8F-4F64-A9A2-941F9D989A22}.Release (UWP)|ARM64.Build.0 = Release (UWP)|Any CPU
		{877613E9-4C8F-4F64-A9A2-941F9D989A22}.Release (UWP)|iPhone.ActiveCfg = Release (UWP)|Any CPU
		{877613E9-4C8F-4F64-A9A2-941F9D989A22}.Release (UWP)|iPhoneSimulator.ActiveCfg = Release (UWP)|Any CPU
		{877613E9-4C8F-4F64-A9A2-941F9D989A22}.Release (UWP)|x64.ActiveCfg = Release (UWP)|Any CPU
		{877613E9-4C8F-4F64-A9A2-941F9D989A22}.Release (UWP)|x64.Build.0 = Release (UWP)|Any CPU
		{877613E9-4C8F-4F64-A9A2-941F9D989A22}.Release (UWP)|x86.ActiveCfg = Release (UWP)|Any CPU
		{877613E9-4C8F-4F64-A9A2-941F9D989A22}.Release (UWP)|x86.Build.0 = Release (UWP)|Any CPU
		{877613E9-4C8F-4F64-A9A2-941F9D989A22}.Release|Any CPU.ActiveCfg = Release|Any CPU
		{877613E9-4C8F-4F64-A9A2-941F9D989A22}.Release|Any CPU.Build.0 = Release|Any CPU
		{877613E9-4C8F-4F64-A9A2-941F9D989A22}.Release|ARM.ActiveCfg = Release|Any CPU
		{877613E9-4C8F-4F64-A9A2-941F9D989A22}.Release|ARM.Build.0 = Release|Any CPU
		{877613E9-4C8F-4F64-A9A2-941F9D989A22}.Release|ARM64.ActiveCfg = Release|Any CPU
		{877613E9-4C8F-4F64-A9A2-941F9D989A22}.Release|ARM64.Build.0 = Release|Any CPU
		{877613E9-4C8F-4F64-A9A2-941F9D989A22}.Release|iPhone.ActiveCfg = Release|Any CPU
		{877613E9-4C8F-4F64-A9A2-941F9D989A22}.Release|iPhone.Build.0 = Release|Any CPU
		{877613E9-4C8F-4F64-A9A2-941F9D989A22}.Release|iPhoneSimulator.ActiveCfg = Release|Any CPU
		{877613E9-4C8F-4F64-A9A2-941F9D989A22}.Release|iPhoneSimulator.Build.0 = Release|Any CPU
		{877613E9-4C8F-4F64-A9A2-941F9D989A22}.Release|x64.ActiveCfg = Release|Any CPU
		{877613E9-4C8F-4F64-A9A2-941F9D989A22}.Release|x64.Build.0 = Release|Any CPU
		{877613E9-4C8F-4F64-A9A2-941F9D989A22}.Release|x86.ActiveCfg = Release|Any CPU
		{877613E9-4C8F-4F64-A9A2-941F9D989A22}.Release|x86.Build.0 = Release|Any CPU
		{A3DF4125-D9AB-4EF2-AE83-61AA44DFB9F2}.Debug (UWP)|Any CPU.ActiveCfg = Debug (UWP)|Any CPU
		{A3DF4125-D9AB-4EF2-AE83-61AA44DFB9F2}.Debug (UWP)|ARM.ActiveCfg = Debug (UWP)|Any CPU
		{A3DF4125-D9AB-4EF2-AE83-61AA44DFB9F2}.Debug (UWP)|ARM64.ActiveCfg = Debug (UWP)|Any CPU
		{A3DF4125-D9AB-4EF2-AE83-61AA44DFB9F2}.Debug (UWP)|iPhone.ActiveCfg = Debug (UWP)|Any CPU
		{A3DF4125-D9AB-4EF2-AE83-61AA44DFB9F2}.Debug (UWP)|iPhoneSimulator.ActiveCfg = Debug (UWP)|Any CPU
		{A3DF4125-D9AB-4EF2-AE83-61AA44DFB9F2}.Debug (UWP)|x64.ActiveCfg = Debug (UWP)|Any CPU
		{A3DF4125-D9AB-4EF2-AE83-61AA44DFB9F2}.Debug (UWP)|x86.ActiveCfg = Debug (UWP)|Any CPU
		{A3DF4125-D9AB-4EF2-AE83-61AA44DFB9F2}.Debug|Any CPU.ActiveCfg = Debug|Any CPU
		{A3DF4125-D9AB-4EF2-AE83-61AA44DFB9F2}.Debug|Any CPU.Build.0 = Debug|Any CPU
		{A3DF4125-D9AB-4EF2-AE83-61AA44DFB9F2}.Debug|ARM.ActiveCfg = Debug|Any CPU
		{A3DF4125-D9AB-4EF2-AE83-61AA44DFB9F2}.Debug|ARM.Build.0 = Debug|Any CPU
		{A3DF4125-D9AB-4EF2-AE83-61AA44DFB9F2}.Debug|ARM64.ActiveCfg = Debug|Any CPU
		{A3DF4125-D9AB-4EF2-AE83-61AA44DFB9F2}.Debug|ARM64.Build.0 = Debug|Any CPU
		{A3DF4125-D9AB-4EF2-AE83-61AA44DFB9F2}.Debug|iPhone.ActiveCfg = Debug|Any CPU
		{A3DF4125-D9AB-4EF2-AE83-61AA44DFB9F2}.Debug|iPhone.Build.0 = Debug|Any CPU
		{A3DF4125-D9AB-4EF2-AE83-61AA44DFB9F2}.Debug|iPhoneSimulator.ActiveCfg = Debug|Any CPU
		{A3DF4125-D9AB-4EF2-AE83-61AA44DFB9F2}.Debug|iPhoneSimulator.Build.0 = Debug|Any CPU
		{A3DF4125-D9AB-4EF2-AE83-61AA44DFB9F2}.Debug|x64.ActiveCfg = Debug|Any CPU
		{A3DF4125-D9AB-4EF2-AE83-61AA44DFB9F2}.Debug|x64.Build.0 = Debug|Any CPU
		{A3DF4125-D9AB-4EF2-AE83-61AA44DFB9F2}.Debug|x86.ActiveCfg = Debug|Any CPU
		{A3DF4125-D9AB-4EF2-AE83-61AA44DFB9F2}.Debug|x86.Build.0 = Debug|Any CPU
		{A3DF4125-D9AB-4EF2-AE83-61AA44DFB9F2}.Release (UWP)|Any CPU.ActiveCfg = Release (UWP)|Any CPU
		{A3DF4125-D9AB-4EF2-AE83-61AA44DFB9F2}.Release (UWP)|ARM.ActiveCfg = Release (UWP)|Any CPU
		{A3DF4125-D9AB-4EF2-AE83-61AA44DFB9F2}.Release (UWP)|ARM64.ActiveCfg = Release (UWP)|Any CPU
		{A3DF4125-D9AB-4EF2-AE83-61AA44DFB9F2}.Release (UWP)|iPhone.ActiveCfg = Release (UWP)|Any CPU
		{A3DF4125-D9AB-4EF2-AE83-61AA44DFB9F2}.Release (UWP)|iPhoneSimulator.ActiveCfg = Release (UWP)|Any CPU
		{A3DF4125-D9AB-4EF2-AE83-61AA44DFB9F2}.Release (UWP)|x64.ActiveCfg = Release (UWP)|Any CPU
		{A3DF4125-D9AB-4EF2-AE83-61AA44DFB9F2}.Release (UWP)|x86.ActiveCfg = Release (UWP)|Any CPU
		{A3DF4125-D9AB-4EF2-AE83-61AA44DFB9F2}.Release|Any CPU.ActiveCfg = Release|Any CPU
		{A3DF4125-D9AB-4EF2-AE83-61AA44DFB9F2}.Release|Any CPU.Build.0 = Release|Any CPU
		{A3DF4125-D9AB-4EF2-AE83-61AA44DFB9F2}.Release|ARM.ActiveCfg = Release|Any CPU
		{A3DF4125-D9AB-4EF2-AE83-61AA44DFB9F2}.Release|ARM.Build.0 = Release|Any CPU
		{A3DF4125-D9AB-4EF2-AE83-61AA44DFB9F2}.Release|ARM64.ActiveCfg = Release|Any CPU
		{A3DF4125-D9AB-4EF2-AE83-61AA44DFB9F2}.Release|ARM64.Build.0 = Release|Any CPU
		{A3DF4125-D9AB-4EF2-AE83-61AA44DFB9F2}.Release|iPhone.ActiveCfg = Release|Any CPU
		{A3DF4125-D9AB-4EF2-AE83-61AA44DFB9F2}.Release|iPhone.Build.0 = Release|Any CPU
		{A3DF4125-D9AB-4EF2-AE83-61AA44DFB9F2}.Release|iPhoneSimulator.ActiveCfg = Release|Any CPU
		{A3DF4125-D9AB-4EF2-AE83-61AA44DFB9F2}.Release|iPhoneSimulator.Build.0 = Release|Any CPU
		{A3DF4125-D9AB-4EF2-AE83-61AA44DFB9F2}.Release|x64.ActiveCfg = Release|Any CPU
		{A3DF4125-D9AB-4EF2-AE83-61AA44DFB9F2}.Release|x64.Build.0 = Release|Any CPU
		{A3DF4125-D9AB-4EF2-AE83-61AA44DFB9F2}.Release|x86.ActiveCfg = Release|Any CPU
		{A3DF4125-D9AB-4EF2-AE83-61AA44DFB9F2}.Release|x86.Build.0 = Release|Any CPU
		{5CA0990D-21D2-4049-95A1-5D0342081856}.Debug (UWP)|Any CPU.ActiveCfg = Debug (UWP)|x86
		{5CA0990D-21D2-4049-95A1-5D0342081856}.Debug (UWP)|ARM.ActiveCfg = Debug (UWP)|ARM
		{5CA0990D-21D2-4049-95A1-5D0342081856}.Debug (UWP)|ARM.Build.0 = Debug (UWP)|ARM
		{5CA0990D-21D2-4049-95A1-5D0342081856}.Debug (UWP)|ARM.Deploy.0 = Debug (UWP)|ARM
		{5CA0990D-21D2-4049-95A1-5D0342081856}.Debug (UWP)|ARM64.ActiveCfg = Debug (UWP)|ARM64
		{5CA0990D-21D2-4049-95A1-5D0342081856}.Debug (UWP)|ARM64.Build.0 = Debug (UWP)|ARM64
		{5CA0990D-21D2-4049-95A1-5D0342081856}.Debug (UWP)|ARM64.Deploy.0 = Debug (UWP)|ARM64
		{5CA0990D-21D2-4049-95A1-5D0342081856}.Debug (UWP)|iPhone.ActiveCfg = Debug (UWP)|x86
		{5CA0990D-21D2-4049-95A1-5D0342081856}.Debug (UWP)|iPhoneSimulator.ActiveCfg = Debug (UWP)|x86
		{5CA0990D-21D2-4049-95A1-5D0342081856}.Debug (UWP)|x64.ActiveCfg = Debug (UWP)|x64
		{5CA0990D-21D2-4049-95A1-5D0342081856}.Debug (UWP)|x64.Build.0 = Debug (UWP)|x64
		{5CA0990D-21D2-4049-95A1-5D0342081856}.Debug (UWP)|x64.Deploy.0 = Debug (UWP)|x64
		{5CA0990D-21D2-4049-95A1-5D0342081856}.Debug (UWP)|x86.ActiveCfg = Debug (UWP)|x86
		{5CA0990D-21D2-4049-95A1-5D0342081856}.Debug (UWP)|x86.Build.0 = Debug (UWP)|x86
		{5CA0990D-21D2-4049-95A1-5D0342081856}.Debug (UWP)|x86.Deploy.0 = Debug (UWP)|x86
		{5CA0990D-21D2-4049-95A1-5D0342081856}.Debug|Any CPU.ActiveCfg = Debug|x86
		{5CA0990D-21D2-4049-95A1-5D0342081856}.Debug|ARM.ActiveCfg = Debug|ARM
		{5CA0990D-21D2-4049-95A1-5D0342081856}.Debug|ARM64.ActiveCfg = Debug|ARM64
		{5CA0990D-21D2-4049-95A1-5D0342081856}.Debug|iPhone.ActiveCfg = Debug|x86
		{5CA0990D-21D2-4049-95A1-5D0342081856}.Debug|iPhoneSimulator.ActiveCfg = Debug|x86
		{5CA0990D-21D2-4049-95A1-5D0342081856}.Debug|x64.ActiveCfg = Debug|x64
		{5CA0990D-21D2-4049-95A1-5D0342081856}.Debug|x86.ActiveCfg = Debug|x86
		{5CA0990D-21D2-4049-95A1-5D0342081856}.Release (UWP)|Any CPU.ActiveCfg = Release (UWP)|x86
		{5CA0990D-21D2-4049-95A1-5D0342081856}.Release (UWP)|ARM.ActiveCfg = Release (UWP)|ARM
		{5CA0990D-21D2-4049-95A1-5D0342081856}.Release (UWP)|ARM.Build.0 = Release (UWP)|ARM
		{5CA0990D-21D2-4049-95A1-5D0342081856}.Release (UWP)|ARM.Deploy.0 = Release (UWP)|ARM
		{5CA0990D-21D2-4049-95A1-5D0342081856}.Release (UWP)|ARM64.ActiveCfg = Release (UWP)|ARM64
		{5CA0990D-21D2-4049-95A1-5D0342081856}.Release (UWP)|ARM64.Build.0 = Release (UWP)|ARM64
		{5CA0990D-21D2-4049-95A1-5D0342081856}.Release (UWP)|ARM64.Deploy.0 = Release (UWP)|ARM64
		{5CA0990D-21D2-4049-95A1-5D0342081856}.Release (UWP)|iPhone.ActiveCfg = Release (UWP)|x86
		{5CA0990D-21D2-4049-95A1-5D0342081856}.Release (UWP)|iPhoneSimulator.ActiveCfg = Release (UWP)|x86
		{5CA0990D-21D2-4049-95A1-5D0342081856}.Release (UWP)|x64.ActiveCfg = Release (UWP)|x64
		{5CA0990D-21D2-4049-95A1-5D0342081856}.Release (UWP)|x64.Build.0 = Release (UWP)|x64
		{5CA0990D-21D2-4049-95A1-5D0342081856}.Release (UWP)|x64.Deploy.0 = Release (UWP)|x64
		{5CA0990D-21D2-4049-95A1-5D0342081856}.Release (UWP)|x86.ActiveCfg = Release (UWP)|x86
		{5CA0990D-21D2-4049-95A1-5D0342081856}.Release (UWP)|x86.Build.0 = Release (UWP)|x86
		{5CA0990D-21D2-4049-95A1-5D0342081856}.Release (UWP)|x86.Deploy.0 = Release (UWP)|x86
		{5CA0990D-21D2-4049-95A1-5D0342081856}.Release|Any CPU.ActiveCfg = Release|x86
		{5CA0990D-21D2-4049-95A1-5D0342081856}.Release|ARM.ActiveCfg = Release|ARM
		{5CA0990D-21D2-4049-95A1-5D0342081856}.Release|ARM64.ActiveCfg = Release|ARM64
		{5CA0990D-21D2-4049-95A1-5D0342081856}.Release|iPhone.ActiveCfg = Release|x86
		{5CA0990D-21D2-4049-95A1-5D0342081856}.Release|iPhoneSimulator.ActiveCfg = Release|x86
		{5CA0990D-21D2-4049-95A1-5D0342081856}.Release|x64.ActiveCfg = Release|x64
		{5CA0990D-21D2-4049-95A1-5D0342081856}.Release|x86.ActiveCfg = Release|x86
	EndGlobalSection
	GlobalSection(SolutionProperties) = preSolution
		HideSolutionNode = FALSE
	EndGlobalSection
	GlobalSection(ExtensibilityGlobals) = postSolution
		SolutionGuid = {1B44D0CC-28A0-4DD6-8268-A70A921DD52B}
	EndGlobalSection
EndGlobal
